# THIS IS AN AUTOGENERATED FILE. DO NOT EDIT THIS FILE DIRECTLY.
# yarn lockfile v1


class-validator@^0.13.2:
  version "0.13.2"
  resolved "https://registry.yarnpkg.com/class-validator/-/class-validator-0.13.2.tgz#64b031e9f3f81a1e1dcd04a5d604734608b24143"
  integrity sha512-yBUcQy07FPlGzUjoLuUfIOXzgynnQPPruyK1Ge2B74k9ROwnle1E+NxLWnUv5OLU8hA/qL5leAE9XnXq3byaBw==
  dependencies:
    libphonenumber-js "^1.9.43"
    validator "^13.7.0"

libphonenumber-js@^1.9.43:
  version "1.10.11"
  resolved "https://registry.yarnpkg.com/libphonenumber-js/-/libphonenumber-js-1.10.11.tgz#0078756857bcc5c9dfe097123c6e04ea930e309b"
  integrity sha512-ehoihx4HpRXO6FH/uJ0EnaEV4dVU+FDny+jv0S6k9JPyPsAIr0eXDAFvGRMBKE1daCtyHAaFSKCiuCxrOjVAzQ==

validator@^13.7.0:
  version "13.7.0"
  resolved "https://registry.yarnpkg.com/validator/-/validator-13.7.0.tgz#4f9658ba13ba8f3d82ee881d3516489ea85c0857"
  integrity sha512-nYXQLCBkpJ8X6ltALua9dRrZDHVYxjJ1wgskNt1lH9fzGjs3tgojGSCBjmEPwkWS1y29+DrizMTW19Pr9uB2nw==
